// !$*UTF8*$!
{
	archiveVersion = 1;
	classes = {
	};
	objectVersion = 55;
	objects = {

/* Begin PBXBuildFile section */
		3891443528A1270C007F755B /* AppDelegate.swift in Sources */ = {isa = PBXBuildFile; fileRef = 3891443428A1270C007F755B /* AppDelegate.swift */; };
		3891443728A1270C007F755B /* SceneDelegate.swift in Sources */ = {isa = PBXBuildFile; fileRef = 3891443628A1270C007F755B /* SceneDelegate.swift */; };
		3891443928A1270C007F755B /* MainTabBarViewController.swift in Sources */ = {isa = PBXBuildFile; fileRef = 3891443828A1270C007F755B /* MainTabBarViewController.swift */; };
		3891443E28A1270D007F755B /* Assets.xcassets in Resources */ = {isa = PBXBuildFile; fileRef = 3891443D28A1270D007F755B /* Assets.xcassets */; };
		3891444128A1270D007F755B /* LaunchScreen.storyboard in Resources */ = {isa = PBXBuildFile; fileRef = 3891443F28A1270D007F755B /* LaunchScreen.storyboard */; };
		3891444A28A506BB007F755B /* HomeViewController.swift in Sources */ = {isa = PBXBuildFile; fileRef = 3891444928A506BB007F755B /* HomeViewController.swift */; };
		3891444C28A506F1007F755B /* SearchViewController.swift in Sources */ = {isa = PBXBuildFile; fileRef = 3891444B28A506F1007F755B /* SearchViewController.swift */; };
		3891444F28A5072D007F755B /* UpcomingViewController.swift in Sources */ = {isa = PBXBuildFile; fileRef = 3891444E28A5072D007F755B /* UpcomingViewController.swift */; };
		3891445128A5075D007F755B /* DownloadsViewController.swift in Sources */ = {isa = PBXBuildFile; fileRef = 3891445028A5075D007F755B /* DownloadsViewController.swift */; };
		3891445928A51AB4007F755B /* CollectionViewTableViewCell.swift in Sources */ = {isa = PBXBuildFile; fileRef = 3891445828A51AB4007F755B /* CollectionViewTableViewCell.swift */; };
		3891445B28A54725007F755B /* HeroHeaderUIView.swift in Sources */ = {isa = PBXBuildFile; fileRef = 3891445A28A54725007F755B /* HeroHeaderUIView.swift */; };
		3891445D28A57B99007F755B /* APICaller.swift in Sources */ = {isa = PBXBuildFile; fileRef = 3891445C28A57B99007F755B /* APICaller.swift */; };
		3891445F28A581E3007F755B /* Title.swift in Sources */ = {isa = PBXBuildFile; fileRef = 3891445E28A581E3007F755B /* Title.swift */; };
		3891446128A585D5007F755B /* Extensions.swift in Sources */ = {isa = PBXBuildFile; fileRef = 3891446028A585D5007F755B /* Extensions.swift */; };
		3891446528A67814007F755B /* TitleCollectionViewCell.swift in Sources */ = {isa = PBXBuildFile; fileRef = 3891446428A67814007F755B /* TitleCollectionViewCell.swift */; };
		3891446828A679C6007F755B /* SDWebImage in Frameworks */ = {isa = PBXBuildFile; productRef = 3891446728A679C6007F755B /* SDWebImage */; };
		3891446A28A679C6007F755B /* SDWebImageMapKit in Frameworks */ = {isa = PBXBuildFile; productRef = 3891446928A679C6007F755B /* SDWebImageMapKit */; };
/* End PBXBuildFile section */

/* Begin PBXFileReference section */
		3891443128A1270C007F755B /* netflix-clone.app */ = {isa = PBXFileReference; explicitFileType = wrapper.application; includeInIndex = 0; path = "netflix-clone.app"; sourceTree = BUILT_PRODUCTS_DIR; };
		3891443428A1270C007F755B /* AppDelegate.swift */ = {isa = PBXFileReference; lastKnownFileType = sourcecode.swift; path = AppDelegate.swift; sourceTree = "<group>"; };
		3891443628A1270C007F755B /* SceneDelegate.swift */ = {isa = PBXFileReference; lastKnownFileType = sourcecode.swift; path = SceneDelegate.swift; sourceTree = "<group>"; };
		3891443828A1270C007F755B /* MainTabBarViewController.swift */ = {isa = PBXFileReference; lastKnownFileType = sourcecode.swift; path = MainTabBarViewController.swift; sourceTree = "<group>"; };
		3891443D28A1270D007F755B /* Assets.xcassets */ = {isa = PBXFileReference; lastKnownFileType = folder.assetcatalog; path = Assets.xcassets; sourceTree = "<group>"; };
		3891444028A1270D007F755B /* Base */ = {isa = PBXFileReference; lastKnownFileType = file.storyboard; name = Base; path = Base.lproj/LaunchScreen.storyboard; sourceTree = "<group>"; };
		3891444228A1270D007F755B /* Info.plist */ = {isa = PBXFileReference; lastKnownFileType = text.plist.xml; path = Info.plist; sourceTree = "<group>"; };
		3891444928A506BB007F755B /* HomeViewController.swift */ = {isa = PBXFileReference; lastKnownFileType = sourcecode.swift; path = HomeViewController.swift; sourceTree = "<group>"; };
		3891444B28A506F1007F755B /* SearchViewController.swift */ = {isa = PBXFileReference; lastKnownFileType = sourcecode.swift; path = SearchViewController.swift; sourceTree = "<group>"; };
		3891444E28A5072D007F755B /* UpcomingViewController.swift */ = {isa = PBXFileReference; lastKnownFileType = sourcecode.swift; path = UpcomingViewController.swift; sourceTree = "<group>"; };
		3891445028A5075D007F755B /* DownloadsViewController.swift */ = {isa = PBXFileReference; lastKnownFileType = sourcecode.swift; path = DownloadsViewController.swift; sourceTree = "<group>"; };
		3891445828A51AB4007F755B /* CollectionViewTableViewCell.swift */ = {isa = PBXFileReference; lastKnownFileType = sourcecode.swift; path = CollectionViewTableViewCell.swift; sourceTree = "<group>"; };
		3891445A28A54725007F755B /* HeroHeaderUIView.swift */ = {isa = PBXFileReference; lastKnownFileType = sourcecode.swift; path = HeroHeaderUIView.swift; sourceTree = "<group>"; };
		3891445C28A57B99007F755B /* APICaller.swift */ = {isa = PBXFileReference; lastKnownFileType = sourcecode.swift; path = APICaller.swift; sourceTree = "<group>"; };
		3891445E28A581E3007F755B /* Title.swift */ = {isa = PBXFileReference; lastKnownFileType = sourcecode.swift; path = Title.swift; sourceTree = "<group>"; };
		3891446028A585D5007F755B /* Extensions.swift */ = {isa = PBXFileReference; lastKnownFileType = sourcecode.swift; path = Extensions.swift; sourceTree = "<group>"; };
		3891446428A67814007F755B /* TitleCollectionViewCell.swift */ = {isa = PBXFileReference; lastKnownFileType = sourcecode.swift; path = TitleCollectionViewCell.swift; sourceTree = "<group>"; };
/* End PBXFileReference section */

/* Begin PBXFrameworksBuildPhase section */
		3891442E28A1270C007F755B /* Frameworks */ = {
			isa = PBXFrameworksBuildPhase;
			buildActionMask = 2147483647;
			files = (
				3891446A28A679C6007F755B /* SDWebImageMapKit in Frameworks */,
				3891446828A679C6007F755B /* SDWebImage in Frameworks */,
			);
			runOnlyForDeploymentPostprocessing = 0;
		};
/* End PBXFrameworksBuildPhase section */

/* Begin PBXGroup section */
		3891442828A1270C007F755B = {
			isa = PBXGroup;
			children = (
				3891443328A1270C007F755B /* netflix-clone */,
				3891443228A1270C007F755B /* Products */,
			);
			sourceTree = "<group>";
		};
		3891443228A1270C007F755B /* Products */ = {
			isa = PBXGroup;
			children = (
				3891443128A1270C007F755B /* netflix-clone.app */,
			);
			name = Products;
			sourceTree = "<group>";
		};
		3891443328A1270C007F755B /* netflix-clone */ = {
			isa = PBXGroup;
			children = (
				3891445628A51A6E007F755B /* Managers */,
				3891445528A51A60007F755B /* Resources */,
				3891445428A51A4F007F755B /* Models */,
				3891445228A51A05007F755B /* Views */,
				3891445328A51A17007F755B /* ViewModels */,
				3891444828A5068C007F755B /* Controllers */,
				3891443428A1270C007F755B /* AppDelegate.swift */,
				3891443628A1270C007F755B /* SceneDelegate.swift */,
				3891443828A1270C007F755B /* MainTabBarViewController.swift */,
				3891443D28A1270D007F755B /* Assets.xcassets */,
				3891443F28A1270D007F755B /* LaunchScreen.storyboard */,
				3891444228A1270D007F755B /* Info.plist */,
			);
			path = "netflix-clone";
			sourceTree = "<group>";
		};
		3891444828A5068C007F755B /* Controllers */ = {
			isa = PBXGroup;
			children = (
				3891444928A506BB007F755B /* HomeViewController.swift */,
				3891444B28A506F1007F755B /* SearchViewController.swift */,
				3891444E28A5072D007F755B /* UpcomingViewController.swift */,
				3891445028A5075D007F755B /* DownloadsViewController.swift */,
			);
			path = Controllers;
			sourceTree = "<group>";
		};
		3891445228A51A05007F755B /* Views */ = {
			isa = PBXGroup;
			children = (
				3891445828A51AB4007F755B /* CollectionViewTableViewCell.swift */,
				3891445A28A54725007F755B /* HeroHeaderUIView.swift */,
				3891446428A67814007F755B /* TitleCollectionViewCell.swift */,
			);
			path = Views;
			sourceTree = "<group>";
		};
		3891445328A51A17007F755B /* ViewModels */ = {
			isa = PBXGroup;
			children = (
			);
			path = ViewModels;
			sourceTree = "<group>";
		};
		3891445428A51A4F007F755B /* Models */ = {
			isa = PBXGroup;
			children = (
				3891445E28A581E3007F755B /* Title.swift */,
			);
			path = Models;
			sourceTree = "<group>";
		};
		3891445528A51A60007F755B /* Resources */ = {
			isa = PBXGroup;
			children = (
				3891446028A585D5007F755B /* Extensions.swift */,
			);
			path = Resources;
			sourceTree = "<group>";
		};
		3891445628A51A6E007F755B /* Managers */ = {
			isa = PBXGroup;
			children = (
				3891445C28A57B99007F755B /* APICaller.swift */,
			);
			path = Managers;
			sourceTree = "<group>";
		};
/* End PBXGroup section */

/* Begin PBXNativeTarget section */
		3891443028A1270C007F755B /* netflix-clone */ = {
			isa = PBXNativeTarget;
			buildConfigurationList = 3891444528A1270D007F755B /* Build configuration list for PBXNativeTarget "netflix-clone" */;
			buildPhases = (
				3891442D28A1270C007F755B /* Sources */,
				3891442E28A1270C007F755B /* Frameworks */,
				3891442F28A1270C007F755B /* Resources */,
			);
			buildRules = (
			);
			dependencies = (
			);
			name = "netflix-clone";
			packageProductDependencies = (
				3891446728A679C6007F755B /* SDWebImage */,
				3891446928A679C6007F755B /* SDWebImageMapKit */,
			);
			productName = "netflix-clone";
			productReference = 3891443128A1270C007F755B /* netflix-clone.app */;
			productType = "com.apple.product-type.application";
		};
/* End PBXNativeTarget section */

/* Begin PBXProject section */
		3891442928A1270C007F755B /* Project object */ = {
			isa = PBXProject;
			attributes = {
				BuildIndependentTargetsInParallel = 1;
				LastSwiftUpdateCheck = 1340;
				LastUpgradeCheck = 1340;
				TargetAttributes = {
					3891443028A1270C007F755B = {
						CreatedOnToolsVersion = 13.4.1;
					};
				};
			};
			buildConfigurationList = 3891442C28A1270C007F755B /* Build configuration list for PBXProject "netflix-clone" */;
			compatibilityVersion = "Xcode 13.0";
			developmentRegion = en;
			hasScannedForEncodings = 0;
			knownRegions = (
				en,
				Base,
			);
			mainGroup = 3891442828A1270C007F755B;
			packageReferences = (
				3891446628A679C6007F755B /* XCRemoteSwiftPackageReference "SDWebImage" */,
			);
			productRefGroup = 3891443228A1270C007F755B /* Products */;
			projectDirPath = "";
			projectRoot = "";
			targets = (
				3891443028A1270C007F755B /* netflix-clone */,
			);
		};
/* End PBXProject section */

/* Begin PBXResourcesBuildPhase section */
		3891442F28A1270C007F755B /* Resources */ = {
			isa = PBXResourcesBuildPhase;
			buildActionMask = 2147483647;
			files = (
				3891444128A1270D007F755B /* LaunchScreen.storyboard in Resources */,
				3891443E28A1270D007F755B /* Assets.xcassets in Resources */,
			);
			runOnlyForDeploymentPostprocessing = 0;
		};
/* End PBXResourcesBuildPhase section */

/* Begin PBXSourcesBuildPhase section */
		3891442D28A1270C007F755B /* Sources */ = {
			isa = PBXSourcesBuildPhase;
			buildActionMask = 2147483647;
			files = (
				3891444F28A5072D007F755B /* UpcomingViewController.swift in Sources */,
				3891446528A67814007F755B /* TitleCollectionViewCell.swift in Sources */,
				3891444C28A506F1007F755B /* SearchViewController.swift in Sources */,
				3891445928A51AB4007F755B /* CollectionViewTableViewCell.swift in Sources */,
				3891445D28A57B99007F755B /* APICaller.swift in Sources */,
				3891445B28A54725007F755B /* HeroHeaderUIView.swift in Sources */,
				3891445128A5075D007F755B /* DownloadsViewController.swift in Sources */,
				3891443928A1270C007F755B /* MainTabBarViewController.swift in Sources */,
				3891446128A585D5007F755B /* Extensions.swift in Sources */,
				3891443528A1270C007F755B /* AppDelegate.swift in Sources */,
				3891443728A1270C007F755B /* SceneDelegate.swift in Sources */,
				3891445F28A581E3007F755B /* Title.swift in Sources */,
				3891444A28A506BB007F755B /* HomeViewController.swift in Sources */,
			);
			runOnlyForDeploymentPostprocessing = 0;
		};
/* End PBXSourcesBuildPhase section */

/* Begin PBXVariantGroup section */
		3891443F28A1270D007F755B /* LaunchScreen.storyboard */ = {
			isa = PBXVariantGroup;
			children = (
				3891444028A1270D007F755B /* Base */,
			);
			name = LaunchScreen.storyboard;
			sourceTree = "<group>";
		};
/* End PBXVariantGroup section */

/* Begin XCBuildConfiguration section */
		3891444328A1270D007F755B /* Debug */ = {
			isa = XCBuildConfiguration;
			buildSettings = {
				ALWAYS_SEARCH_USER_PATHS = NO;
				CLANG_ANALYZER_NONNULL = YES;
				CLANG_ANALYZER_NUMBER_OBJECT_CONVERSION = YES_AGGRESSIVE;
				CLANG_CXX_LANGUAGE_STANDARD = "gnu++17";
				CLANG_ENABLE_MODULES = YES;
				CLANG_ENABLE_OBJC_ARC = YES;
				CLANG_ENABLE_OBJC_WEAK = YES;
				CLANG_WARN_BLOCK_CAPTURE_AUTORELEASING = YES;
				CLANG_WARN_BOOL_CONVERSION = YES;
				CLANG_WARN_COMMA = YES;
				CLANG_WARN_CONSTANT_CONVERSION = YES;
				CLANG_WARN_DEPRECATED_OBJC_IMPLEMENTATIONS = YES;
				CLANG_WARN_DIRECT_OBJC_ISA_USAGE = YES_ERROR;
				CLANG_WARN_DOCUMENTATION_COMMENTS = YES;
				CLANG_WARN_EMPTY_BODY = YES;
				CLANG_WARN_ENUM_CONVERSION = YES;
				CLANG_WARN_INFINITE_RECURSION = YES;
				CLANG_WARN_INT_CONVERSION = YES;
				CLANG_WARN_NON_LITERAL_NULL_CONVERSION = YES;
				CLANG_WARN_OBJC_IMPLICIT_RETAIN_SELF = YES;
				CLANG_WARN_OBJC_LITERAL_CONVERSION = YES;
				CLANG_WARN_OBJC_ROOT_CLASS = YES_ERROR;
				CLANG_WARN_QUOTED_INCLUDE_IN_FRAMEWORK_HEADER = YES;
				CLANG_WARN_RANGE_LOOP_ANALYSIS = YES;
				CLANG_WARN_STRICT_PROTOTYPES = YES;
				CLANG_WARN_SUSPICIOUS_MOVE = YES;
				CLANG_WARN_UNGUARDED_AVAILABILITY = YES_AGGRESSIVE;
				CLANG_WARN_UNREACHABLE_CODE = YES;
				CLANG_WARN__DUPLICATE_METHOD_MATCH = YES;
				COPY_PHASE_STRIP = NO;
				DEBUG_INFORMATION_FORMAT = dwarf;
				ENABLE_STRICT_OBJC_MSGSEND = YES;
				ENABLE_TESTABILITY = YES;
				GCC_C_LANGUAGE_STANDARD = gnu11;
				GCC_DYNAMIC_NO_PIC = NO;
				GCC_NO_COMMON_BLOCKS = YES;
				GCC_OPTIMIZATION_LEVEL = 0;
				GCC_PREPROCESSOR_DEFINITIONS = (
					"DEBUG=1",
					"$(inherited)",
				);
				GCC_WARN_64_TO_32_BIT_CONVERSION = YES;
				GCC_WARN_ABOUT_RETURN_TYPE = YES_ERROR;
				GCC_WARN_UNDECLARED_SELECTOR = YES;
				GCC_WARN_UNINITIALIZED_AUTOS = YES_AGGRESSIVE;
				GCC_WARN_UNUSED_FUNCTION = YES;
				GCC_WARN_UNUSED_VARIABLE = YES;
				IPHONEOS_DEPLOYMENT_TARGET = 15.5;
				MTL_ENABLE_DEBUG_INFO = INCLUDE_SOURCE;
				MTL_FAST_MATH = YES;
				ONLY_ACTIVE_ARCH = YES;
				SDKROOT = iphoneos;
				SWIFT_ACTIVE_COMPILATION_CONDITIONS = DEBUG;
				SWIFT_OPTIMIZATION_LEVEL = "-Onone";
			};
			name = Debug;
		};
		3891444428A1270D007F755B /* Release */ = {
			isa = XCBuildConfiguration;
			buildSettings = {
				ALWAYS_SEARCH_USER_PATHS = NO;
				CLANG_ANALYZER_NONNULL = YES;
				CLANG_ANALYZER_NUMBER_OBJECT_CONVERSION = YES_AGGRESSIVE;
				CLANG_CXX_LANGUAGE_STANDARD = "gnu++17";
				CLANG_ENABLE_MODULES = YES;
				CLANG_ENABLE_OBJC_ARC = YES;
				CLANG_ENABLE_OBJC_WEAK = YES;
				CLANG_WARN_BLOCK_CAPTURE_AUTORELEASING = YES;
				CLANG_WARN_BOOL_CONVERSION = YES;
				CLANG_WARN_COMMA = YES;
				CLANG_WARN_CONSTANT_CONVERSION = YES;
				CLANG_WARN_DEPRECATED_OBJC_IMPLEMENTATIONS = YES;
				CLANG_WARN_DIRECT_OBJC_ISA_USAGE = YES_ERROR;
				CLANG_WARN_DOCUMENTATION_COMMENTS = YES;
				CLANG_WARN_EMPTY_BODY = YES;
				CLANG_WARN_ENUM_CONVERSION = YES;
				CLANG_WARN_INFINITE_RECURSION = YES;
				CLANG_WARN_INT_CONVERSION = YES;
				CLANG_WARN_NON_LITERAL_NULL_CONVERSION = YES;
				CLANG_WARN_OBJC_IMPLICIT_RETAIN_SELF = YES;
				CLANG_WARN_OBJC_LITERAL_CONVERSION = YES;
				CLANG_WARN_OBJC_ROOT_CLASS = YES_ERROR;
				CLANG_WARN_QUOTED_INCLUDE_IN_FRAMEWORK_HEADER = YES;
				CLANG_WARN_RANGE_LOOP_ANALYSIS = YES;
				CLANG_WARN_STRICT_PROTOTYPES = YES;
				CLANG_WARN_SUSPICIOUS_MOVE = YES;
				CLANG_WARN_UNGUARDED_AVAILABILITY = YES_AGGRESSIVE;
				CLANG_WARN_UNREACHABLE_CODE = YES;
				CLANG_WARN__DUPLICATE_METHOD_MATCH = YES;
				COPY_PHASE_STRIP = NO;
				DEBUG_INFORMATION_FORMAT = "dwarf-with-dsym";
				ENABLE_NS_ASSERTIONS = NO;
				ENABLE_STRICT_OBJC_MSGSEND = YES;
				GCC_C_LANGUAGE_STANDARD = gnu11;
				GCC_NO_COMMON_BLOCKS = YES;
				GCC_WARN_64_TO_32_BIT_CONVERSION = YES;
				GCC_WARN_ABOUT_RETURN_TYPE = YES_ERROR;
				GCC_WARN_UNDECLARED_SELECTOR = YES;
				GCC_WARN_UNINITIALIZED_AUTOS = YES_AGGRESSIVE;
				GCC_WARN_UNUSED_FUNCTION = YES;
				GCC_WARN_UNUSED_VARIABLE = YES;
				IPHONEOS_DEPLOYMENT_TARGET = 15.5;
				MTL_ENABLE_DEBUG_INFO = NO;
				MTL_FAST_MATH = YES;
				SDKROOT = iphoneos;
				SWIFT_COMPILATION_MODE = wholemodule;
				SWIFT_OPTIMIZATION_LEVEL = "-O";
				VALIDATE_PRODUCT = YES;
			};
			name = Release;
		};
		3891444628A1270D007F755B /* Debug */ = {
			isa = XCBuildConfiguration;
			buildSettings = {
				ASSETCATALOG_COMPILER_APPICON_NAME = AppIcon;
				ASSETCATALOG_COMPILER_GLOBAL_ACCENT_COLOR_NAME = AccentColor;
				CODE_SIGN_STYLE = Automatic;
				CURRENT_PROJECT_VERSION = 1;
				GENERATE_INFOPLIST_FILE = YES;
				INFOPLIST_FILE = "netflix-clone/Info.plist";
				INFOPLIST_KEY_UIApplicationSupportsIndirectInputEvents = YES;
				INFOPLIST_KEY_UILaunchStoryboardName = LaunchScreen;
				INFOPLIST_KEY_UISupportedInterfaceOrientations_iPad = "UIInterfaceOrientationPortrait UIInterfaceOrientationPortraitUpsideDown UIInterfaceOrientationLandscapeLeft UIInterfaceOrientationLandscapeRight";
				INFOPLIST_KEY_UISupportedInterfaceOrientations_iPhone = "UIInterfaceOrientationPortrait UIInterfaceOrientationLandscapeLeft UIInterfaceOrientationLandscapeRight";
				LD_RUNPATH_SEARCH_PATHS = (
					"$(inherited)",
					"@executable_path/Frameworks",
				);
				MARKETING_VERSION = 1.0;
				PRODUCT_BUNDLE_IDENTIFIER = "khacvux.dev.netflix-clone.netflix-clone";
				PRODUCT_NAME = "$(TARGET_NAME)";
				SWIFT_EMIT_LOC_STRINGS = YES;
				SWIFT_VERSION = 5.0;
				TARGETED_DEVICE_FAMILY = "1,2";
			};
			name = Debug;
		};
		3891444728A1270D007F755B /* Release */ = {
			isa = XCBuildConfiguration;
			buildSettings = {
				ASSETCATALOG_COMPILER_APPICON_NAME = AppIcon;
				ASSETCATALOG_COMPILER_GLOBAL_ACCENT_COLOR_NAME = AccentColor;
				CODE_SIGN_STYLE = Automatic;
				CURRENT_PROJECT_VERSION = 1;
				GENERATE_INFOPLIST_FILE = YES;
				INFOPLIST_FILE = "netflix-clone/Info.plist";
				INFOPLIST_KEY_UIApplicationSupportsIndirectInputEvents = YES;
				INFOPLIST_KEY_UILaunchStoryboardName = LaunchScreen;
				INFOPLIST_KEY_UISupportedInterfaceOrientations_iPad = "UIInterfaceOrientationPortrait UIInterfaceOrientationPortraitUpsideDown UIInterfaceOrientationLandscapeLeft UIInterfaceOrientationLandscapeRight";
				INFOPLIST_KEY_UISupportedInterfaceOrientations_iPhone = "UIInterfaceOrientationPortrait UIInterfaceOrientationLandscapeLeft UIInterfaceOrientationLandscapeRight";
				LD_RUNPATH_SEARCH_PATHS = (
					"$(inherited)",
					"@executable_path/Frameworks",
				);
				MARKETING_VERSION = 1.0;
				PRODUCT_BUNDLE_IDENTIFIER = "khacvux.dev.netflix-clone.netflix-clone";
				PRODUCT_NAME = "$(TARGET_NAME)";
				SWIFT_EMIT_LOC_STRINGS = YES;
				SWIFT_VERSION = 5.0;
				TARGETED_DEVICE_FAMILY = "1,2";
			};
			name = Release;
		};
/* End XCBuildConfiguration section */

/* Begin XCConfigurationList section */
		3891442C28A1270C007F755B /* Build configuration list for PBXProject "netflix-clone" */ = {
			isa = XCConfigurationList;
			buildConfigurations = (
				3891444328A1270D007F755B /* Debug */,
				3891444428A1270D007F755B /* Release */,
			);
			defaultConfigurationIsVisible = 0;
			defaultConfigurationName = Release;
		};
		3891444528A1270D007F755B /* Build configuration list for PBXNativeTarget "netflix-clone" */ = {
			isa = XCConfigurationList;
			buildConfigurations = (
				3891444628A1270D007F755B /* Debug */,
				3891444728A1270D007F755B /* Release */,
			);
			defaultConfigurationIsVisible = 0;
			defaultConfigurationName = Release;
		};
/* End XCConfigurationList section */

/* Begin XCRemoteSwiftPackageReference section */
		3891446628A679C6007F755B /* XCRemoteSwiftPackageReference "SDWebImage" */ = {
			isa = XCRemoteSwiftPackageReference;
			repositoryURL = "https://github.com/SDWebImage/SDWebImage.git";
			requirement = {
				kind = upToNextMajorVersion;
				minimumVersion = 5.0.0;
			};
		};
/* End XCRemoteSwiftPackageReference section */

/* Begin XCSwiftPackageProductDependency section */
		3891446728A679C6007F755B /* SDWebImage */ = {
			isa = XCSwiftPackageProductDependency;
			package = 3891446628A679C6007F755B /* XCRemoteSwiftPackageReference "SDWebImage" */;
			productName = SDWebImage;
		};
		3891446928A679C6007F755B /* SDWebImageMapKit */ = {
			isa = XCSwiftPackageProductDependency;
			package = 3891446628A679C6007F755B /* XCRemoteSwiftPackageReference "SDWebImage" */;
			productName = SDWebImageMapKit;
		};
/* End XCSwiftPackageProductDependency section */
	};
	rootObject = 3891442928A1270C007F755B /* Project object */;
}
